{
	"name": "practice-monorepo",
	"version": "1.0.0",
	"lockfileVersion": 3,
	"requires": true,
	"packages": {
		"": {
			"name": "practice-monorepo",
			"version": "1.0.0",
			"license": "ISC",
			"dependencies": {
				"parser": "file:../common/parser",
				"utils": "file:../common/utils"
			}
		},
		"../common/parser": {
			"version": "1.0.0"
		},
		"../common/util": {
			"version": "1.0.0",
			"extraneous": true,
			"license": "ISC",
			"dependencies": {
				"axios": "^1.7.7",
				"parser": "file:../parser"
			}
		},
		"../common/utils": {
			"version": "1.0.0",
			"license": "ISC",
			"dependencies": {
				"axios": "^1.7.7",
				"parser": "file:../parser"
			}
		},
		"node_modules/parser": {
			"resolved": "../common/parser",
			"link": true
		},
		"node_modules/utils": {
			"resolved": "../common/utils",
			"link": true
		}
	}
}
